
Microsoft Visual Studio Solution File, Format Version 12.00
# Visual Studio Version 16
VisualStudioVersion = 16.0.30804.86
MinimumVisualStudioVersion = 10.0.40219.1
Project("{9A19103F-16F7-4668-BE54-9A1E7A4F7556}") = "KampIntro", "KampIntro\KampIntro.csproj", "{095F8EC8-D228-40C9-98FE-7B2442C39993}"
EndProject
Project("{9A19103F-16F7-4668-BE54-9A1E7A4F7556}") = "Donguler", "Döngüler\Donguler.csproj", "{1E9BC3AB-EB8D-4718-9604-65D0F4257A19}"
EndProject
Project("{9A19103F-16F7-4668-BE54-9A1E7A4F7556}") = "ClassIntro", "ClassIntro\ClassIntro.csproj", "{9722D432-17C5-41FE-9B69-262659E0AEA6}"
EndProject
Project("{9A19103F-16F7-4668-BE54-9A1E7A4F7556}") = "Methods", "Methods\Methods.csproj", "{3839E46C-074A-4307-B759-3371E8194706}"
EndProject
Project("{9A19103F-16F7-4668-BE54-9A1E7A4F7556}") = "DegerVeReferansTipler", "DegerVeReferansTipler\DegerVeReferansTipler.csproj", "{79E7BECA-6E46-42C2-9DD7-93C39EDAA962}"
EndProject
Project("{9A19103F-16F7-4668-BE54-9A1E7A4F7556}") = "RefAndOutKw", "RefAndOutKw\RefAndOutKw.csproj", "{690B2033-B437-40F3-9F26-EED72F965D2E}"
EndProject
Project("{9A19103F-16F7-4668-BE54-9A1E7A4F7556}") = "ClassMethodDemo", "ClassMethodDemo\ClassMethodDemo.csproj", "{FD42DC80-ECE3-459E-8932-87FF743556F3}"
EndProject
Project("{9A19103F-16F7-4668-BE54-9A1E7A4F7556}") = "OOP1", "OOP1\OOP1.csproj", "{AA9C6F7A-9B11-41D1-928C-E5AF25D819AA}"
EndProject
Project("{9A19103F-16F7-4668-BE54-9A1E7A4F7556}") = "Collections", "Collections\Collections.csproj", "{8CC0895D-7BBD-41D3-9E7F-C9F14774E17D}"
EndProject
Project("{9A19103F-16F7-4668-BE54-9A1E7A4F7556}") = "GenericsIntro", "GenericsIntro\GenericsIntro.csproj", "{0E5D2DA9-717A-4795-BD23-D3FE8C63C190}"
EndProject
Project("{9A19103F-16F7-4668-BE54-9A1E7A4F7556}") = "ReferanceTypes", "ReferanceTypes\ReferanceTypes.csproj", "{F966F8D1-5276-4EE6-A976-AFE74E13FB90}"
EndProject
Project("{9A19103F-16F7-4668-BE54-9A1E7A4F7556}") = "OOPInheritance", "OOP2\OOPInheritance.csproj", "{CDF5DAA7-1F7E-4331-9973-F163BA13F303}"
EndProject
Project("{9A19103F-16F7-4668-BE54-9A1E7A4F7556}") = "InterfaceAndPolimorfizm", "OOP3\InterfaceAndPolimorfizm.csproj", "{04EF533B-BEF8-408F-997B-143192D1EC56}"
EndProject
Project("{FAE04EC0-301F-11D3-BF4B-00C04F79EFBC}") = "Constructor", "Constructor\Constructor.csproj", "{46851D8C-96E4-4809-8151-5FA166C26CB2}"
EndProject
Project("{FAE04EC0-301F-11D3-BF4B-00C04F79EFBC}") = "Generics2", "Generics2\Generics2.csproj", "{A5CE8366-F7A7-4F66-B2D7-B0FBB3A9171C}"
EndProject
Project("{FAE04EC0-301F-11D3-BF4B-00C04F79EFBC}") = "Dictionary", "Dictionary\Dictionary.csproj", "{F3B1EB6F-C1EC-49C8-BE92-03B289D67324}"
EndProject
Project("{FAE04EC0-301F-11D3-BF4B-00C04F79EFBC}") = "MyDictionary", "MyDictionary\MyDictionary.csproj", "{98E228A6-6F0F-4204-8CD8-2681D43B03C6}"
EndProject
Global
	GlobalSection(SolutionConfigurationPlatforms) = preSolution
		Debug|Any CPU = Debug|Any CPU
		Release|Any CPU = Release|Any CPU
	EndGlobalSection
	GlobalSection(ProjectConfigurationPlatforms) = postSolution
		{095F8EC8-D228-40C9-98FE-7B2442C39993}.Debug|Any CPU.ActiveCfg = Debug|Any CPU
		{095F8EC8-D228-40C9-98FE-7B2442C39993}.Debug|Any CPU.Build.0 = Debug|Any CPU
		{095F8EC8-D228-40C9-98FE-7B2442C39993}.Release|Any CPU.ActiveCfg = Release|Any CPU
		{095F8EC8-D228-40C9-98FE-7B2442C39993}.Release|Any CPU.Build.0 = Release|Any CPU
		{1E9BC3AB-EB8D-4718-9604-65D0F4257A19}.Debug|Any CPU.ActiveCfg = Debug|Any CPU
		{1E9BC3AB-EB8D-4718-9604-65D0F4257A19}.Debug|Any CPU.Build.0 = Debug|Any CPU
		{1E9BC3AB-EB8D-4718-9604-65D0F4257A19}.Release|Any CPU.ActiveCfg = Release|Any CPU
		{1E9BC3AB-EB8D-4718-9604-65D0F4257A19}.Release|Any CPU.Build.0 = Release|Any CPU
		{9722D432-17C5-41FE-9B69-262659E0AEA6}.Debug|Any CPU.ActiveCfg = Debug|Any CPU
		{9722D432-17C5-41FE-9B69-262659E0AEA6}.Debug|Any CPU.Build.0 = Debug|Any CPU
		{9722D432-17C5-41FE-9B69-262659E0AEA6}.Release|Any CPU.ActiveCfg = Release|Any CPU
		{9722D432-17C5-41FE-9B69-262659E0AEA6}.Release|Any CPU.Build.0 = Release|Any CPU
		{3839E46C-074A-4307-B759-3371E8194706}.Debug|Any CPU.ActiveCfg = Debug|Any CPU
		{3839E46C-074A-4307-B759-3371E8194706}.Debug|Any CPU.Build.0 = Debug|Any CPU
		{3839E46C-074A-4307-B759-3371E8194706}.Release|Any CPU.ActiveCfg = Release|Any CPU
		{3839E46C-074A-4307-B759-3371E8194706}.Release|Any CPU.Build.0 = Release|Any CPU
		{79E7BECA-6E46-42C2-9DD7-93C39EDAA962}.Debug|Any CPU.ActiveCfg = Debug|Any CPU
		{79E7BECA-6E46-42C2-9DD7-93C39EDAA962}.Debug|Any CPU.Build.0 = Debug|Any CPU
		{79E7BECA-6E46-42C2-9DD7-93C39EDAA962}.Release|Any CPU.ActiveCfg = Release|Any CPU
		{79E7BECA-6E46-42C2-9DD7-93C39EDAA962}.Release|Any CPU.Build.0 = Release|Any CPU
		{690B2033-B437-40F3-9F26-EED72F965D2E}.Debug|Any CPU.ActiveCfg = Debug|Any CPU
		{690B2033-B437-40F3-9F26-EED72F965D2E}.Debug|Any CPU.Build.0 = Debug|Any CPU
		{690B2033-B437-40F3-9F26-EED72F965D2E}.Release|Any CPU.ActiveCfg = Release|Any CPU
		{690B2033-B437-40F3-9F26-EED72F965D2E}.Release|Any CPU.Build.0 = Release|Any CPU
		{FD42DC80-ECE3-459E-8932-87FF743556F3}.Debug|Any CPU.ActiveCfg = Debug|Any CPU
		{FD42DC80-ECE3-459E-8932-87FF743556F3}.Debug|Any CPU.Build.0 = Debug|Any CPU
		{FD42DC80-ECE3-459E-8932-87FF743556F3}.Release|Any CPU.ActiveCfg = Release|Any CPU
		{FD42DC80-ECE3-459E-8932-87FF743556F3}.Release|Any CPU.Build.0 = Release|Any CPU
		{AA9C6F7A-9B11-41D1-928C-E5AF25D819AA}.Debug|Any CPU.ActiveCfg = Debug|Any CPU
		{AA9C6F7A-9B11-41D1-928C-E5AF25D819AA}.Debug|Any CPU.Build.0 = Debug|Any CPU
		{AA9C6F7A-9B11-41D1-928C-E5AF25D819AA}.Release|Any CPU.ActiveCfg = Release|Any CPU
		{AA9C6F7A-9B11-41D1-928C-E5AF25D819AA}.Release|Any CPU.Build.0 = Release|Any CPU
		{8CC0895D-7BBD-41D3-9E7F-C9F14774E17D}.Debug|Any CPU.ActiveCfg = Debug|Any CPU
		{8CC0895D-7BBD-41D3-9E7F-C9F14774E17D}.Debug|Any CPU.Build.0 = Debug|Any CPU
		{8CC0895D-7BBD-41D3-9E7F-C9F14774E17D}.Release|Any CPU.ActiveCfg = Release|Any CPU
		{8CC0895D-7BBD-41D3-9E7F-C9F14774E17D}.Release|Any CPU.Build.0 = Release|Any CPU
		{0E5D2DA9-717A-4795-BD23-D3FE8C63C190}.Debug|Any CPU.ActiveCfg = Debug|Any CPU
		{0E5D2DA9-717A-4795-BD23-D3FE8C63C190}.Debug|Any CPU.Build.0 = Debug|Any CPU
		{0E5D2DA9-717A-4795-BD23-D3FE8C63C190}.Release|Any CPU.ActiveCfg = Release|Any CPU
		{0E5D2DA9-717A-4795-BD23-D3FE8C63C190}.Release|Any CPU.Build.0 = Release|Any CPU
		{F966F8D1-5276-4EE6-A976-AFE74E13FB90}.Debug|Any CPU.ActiveCfg = Debug|Any CPU
		{F966F8D1-5276-4EE6-A976-AFE74E13FB90}.Debug|Any CPU.Build.0 = Debug|Any CPU
		{F966F8D1-5276-4EE6-A976-AFE74E13FB90}.Release|Any CPU.ActiveCfg = Release|Any CPU
		{F966F8D1-5276-4EE6-A976-AFE74E13FB90}.Release|Any CPU.Build.0 = Release|Any CPU
		{CDF5DAA7-1F7E-4331-9973-F163BA13F303}.Debug|Any CPU.ActiveCfg = Debug|Any CPU
		{CDF5DAA7-1F7E-4331-9973-F163BA13F303}.Debug|Any CPU.Build.0 = Debug|Any CPU
		{CDF5DAA7-1F7E-4331-9973-F163BA13F303}.Release|Any CPU.ActiveCfg = Release|Any CPU
		{CDF5DAA7-1F7E-4331-9973-F163BA13F303}.Release|Any CPU.Build.0 = Release|Any CPU
		{04EF533B-BEF8-408F-997B-143192D1EC56}.Debug|Any CPU.ActiveCfg = Debug|Any CPU
		{04EF533B-BEF8-408F-997B-143192D1EC56}.Debug|Any CPU.Build.0 = Debug|Any CPU
		{04EF533B-BEF8-408F-997B-143192D1EC56}.Release|Any CPU.ActiveCfg = Release|Any CPU
		{04EF533B-BEF8-408F-997B-143192D1EC56}.Release|Any CPU.Build.0 = Release|Any CPU
		{46851D8C-96E4-4809-8151-5FA166C26CB2}.Debug|Any CPU.ActiveCfg = Debug|Any CPU
		{46851D8C-96E4-4809-8151-5FA166C26CB2}.Debug|Any CPU.Build.0 = Debug|Any CPU
		{46851D8C-96E4-4809-8151-5FA166C26CB2}.Release|Any CPU.ActiveCfg = Release|Any CPU
		{46851D8C-96E4-4809-8151-5FA166C26CB2}.Release|Any CPU.Build.0 = Release|Any CPU
		{A5CE8366-F7A7-4F66-B2D7-B0FBB3A9171C}.Debug|Any CPU.ActiveCfg = Debug|Any CPU
		{A5CE8366-F7A7-4F66-B2D7-B0FBB3A9171C}.Debug|Any CPU.Build.0 = Debug|Any CPU
		{A5CE8366-F7A7-4F66-B2D7-B0FBB3A9171C}.Release|Any CPU.ActiveCfg = Release|Any CPU
		{A5CE8366-F7A7-4F66-B2D7-B0FBB3A9171C}.Release|Any CPU.Build.0 = Release|Any CPU
		{F3B1EB6F-C1EC-49C8-BE92-03B289D67324}.Debug|Any CPU.ActiveCfg = Debug|Any CPU
		{F3B1EB6F-C1EC-49C8-BE92-03B289D67324}.Debug|Any CPU.Build.0 = Debug|Any CPU
		{F3B1EB6F-C1EC-49C8-BE92-03B289D67324}.Release|Any CPU.ActiveCfg = Release|Any CPU
		{F3B1EB6F-C1EC-49C8-BE92-03B289D67324}.Release|Any CPU.Build.0 = Release|Any CPU
		{98E228A6-6F0F-4204-8CD8-2681D43B03C6}.Debug|Any CPU.ActiveCfg = Debug|Any CPU
		{98E228A6-6F0F-4204-8CD8-2681D43B03C6}.Debug|Any CPU.Build.0 = Debug|Any CPU
		{98E228A6-6F0F-4204-8CD8-2681D43B03C6}.Release|Any CPU.ActiveCfg = Release|Any CPU
		{98E228A6-6F0F-4204-8CD8-2681D43B03C6}.Release|Any CPU.Build.0 = Release|Any CPU
	EndGlobalSection
	GlobalSection(SolutionProperties) = preSolution
		HideSolutionNode = FALSE
	EndGlobalSection
	GlobalSection(ExtensibilityGlobals) = postSolution
		SolutionGuid = {143CC42F-86C2-4B3B-B372-EBB2CB49CE8D}
	EndGlobalSection
EndGlobal
